
Microsoft Visual Studio Solution File, Format Version 12.00
# Visual Studio Version 17
VisualStudioVersion = 17.1.32328.378
MinimumVisualStudioVersion = 10.0.40219.1
Project("{FAE04EC0-301F-11D3-BF4B-00C04F79EFBC}") = "InterfacePgm", "InterfacePgm\InterfacePgm.csproj", "{287006F7-77FB-4DAC-8688-114E6D9112CE}"
EndProject
Global
	GlobalSection(SolutionConfigurationPlatforms) = preSolution
		Debug|Any CPU = Debug|Any CPU
		Release|Any CPU = Release|Any CPU
	EndGlobalSection
	GlobalSection(ProjectConfigurationPlatforms) = postSolution
		{287006F7-77FB-4DAC-8688-114E6D9112CE}.Debug|Any CPU.ActiveCfg = Debug|Any CPU
		{287006F7-77FB-4DAC-8688-114E6D9112CE}.Debug|Any CPU.Build.0 = Debug|Any CPU
		{287006F7-77FB-4DAC-8688-114E6D9112CE}.Release|Any CPU.ActiveCfg = Release|Any CPU
		{287006F7-77FB-4DAC-8688-114E6D9112CE}.Release|Any CPU.Build.0 = Release|Any CPU
	EndGlobalSection
	GlobalSection(SolutionProperties) = preSolution
		HideSolutionNode = FALSE
	EndGlobalSection
	GlobalSection(ExtensibilityGlobals) = postSolution
		SolutionGuid = {74C85DD6-C1FB-401B-B1B9-4FE78FEA1996}
	EndGlobalSection
EndGlobal
